lockfileVersion: '9.0'

settings:
  autoInstallPeers: true
  excludeLinksFromLockfile: false

overrides:
  '@antfu/eslint-config>@eslint/markdown': '-'
  '@antfu/eslint-config>@stylistic/eslint-plugin': '-'
  '@antfu/eslint-config>eslint-plugin-jsonc': '-'
  '@antfu/eslint-config>eslint-plugin-toml': '-'
  '@antfu/eslint-config>eslint-plugin-vue': '-'
  '@antfu/eslint-config>eslint-processor-vue-blocks': '-'
  '@antfu/eslint-config>jsonc-eslint-parser': '-'
  '@antfu/eslint-config>toml-eslint-parser': '-'
  '@antfu/eslint-config>vitest': '-'
  eslint-plugin-pnpm>jsonc-eslint-parser: '-'

importers:

  .:
    devDependencies:
      markdown-table:
        specifier: 3.0.4
        version: 3.0.4
      mitata:
        specifier: ^1.0.34
        version: 1.0.34
      nano-staged:
        specifier: 0.8.0
        version: 0.8.0
      prettier:
        specifier: 3.6.2
        version: 3.6.2
      simple-git-hooks:
        specifier: 2.13.1
        version: 2.13.1

packages:

  markdown-table@3.0.4:
    resolution: {integrity: sha512-wiYz4+JrLyb/DqW2hkFJxP7Vd7JuTDm77fvbM8VfEQdmSMqcImWeeRbHwZjBjIFki/VaMK2BhFi7oUUZeM5bqw==}

  mitata@1.0.34:
    resolution: {integrity: sha512-Mc3zrtNBKIMeHSCQ0XqRLo1vbdIx1wvFV9c8NJAiyho6AjNfMY8bVhbS12bwciUdd1t4rj8099CH3N3NFahaUA==}

  nano-staged@0.8.0:
    resolution: {integrity: sha512-QSEqPGTCJbkHU2yLvfY6huqYPjdBrOaTMKatO1F8nCSrkQGXeKwtCiCnsdxnuMhbg3DTVywKaeWLGCE5oJpq0g==}
    engines: {node: ^12.20.0 || ^14.13.1 || >=16.0.0}
    hasBin: true

  picocolors@1.1.1:
    resolution: {integrity: sha512-xceH2snhtb5M9liqDsmEw56le376mTZkEX/jEb/RxNFyegNul7eNslCXP9FDj/Lcu0X8KEyMceP2ntpaHrDEVA==}

  prettier@3.6.2:
    resolution: {integrity: sha512-I7AIg5boAr5R0FFtJ6rCfD+LFsWHp81dolrFD8S79U9tb8Az2nGrJncnMSnys+bpQJfRUzqs9hnA81OAA3hCuQ==}
    engines: {node: '>=14'}
    hasBin: true

  simple-git-hooks@2.13.1:
    resolution: {integrity: sha512-WszCLXwT4h2k1ufIXAgsbiTOazqqevFCIncOuUBZJ91DdvWcC5+OFkluWRQPrcuSYd8fjq+o2y1QfWqYMoAToQ==}
    hasBin: true

snapshots:

  markdown-table@3.0.4: {}

  mitata@1.0.34: {}

  nano-staged@0.8.0:
    dependencies:
      picocolors: 1.1.1

  picocolors@1.1.1: {}

  prettier@3.6.2: {}

  simple-git-hooks@2.13.1: {}
