lockfileVersion: '9.0'

settings:
  autoInstallPeers: true
  excludeLinksFromLockfile: false

overrides:
  '@antfu/eslint-config>@eslint/markdown': '-'
  '@antfu/eslint-config>@stylistic/eslint-plugin': '-'
  '@antfu/eslint-config>eslint-plugin-jsonc': '-'
  '@antfu/eslint-config>eslint-plugin-toml': '-'
  '@antfu/eslint-config>eslint-plugin-vue': '-'
  '@antfu/eslint-config>eslint-processor-vue-blocks': '-'
  '@antfu/eslint-config>jsonc-eslint-parser': '-'
  '@antfu/eslint-config>toml-eslint-parser': '-'
  '@antfu/eslint-config>vitest': '-'
  eslint-plugin-pnpm>jsonc-eslint-parser: '-'

importers:

  .:
    dependencies:
      '@wry/caches':
        specifier: 1.0.1
        version: 1.0.1
      flru:
        specifier: 1.0.2
        version: 1.0.2
      hashlru:
        specifier: 2.3.0
        version: 2.3.0
      lru:
        specifier: 3.1.0
        version: 3.1.0
      lru-cache:
        specifier: 11.2.4
        version: 11.2.4
      lru.min:
        specifier: 1.1.3
        version: 1.1.3
      lru_map:
        specifier: 0.4.1
        version: 0.4.1
      mnemonist:
        specifier: 0.40.3
        version: 0.40.3
      nanolru:
        specifier: 1.0.0
        version: 1.0.0
      picolru:
        specifier: 2.0.0
        version: 2.0.0
      quick-lru:
        specifier: 7.3.0
        version: 7.3.0
      tiny-lru:
        specifier: 11.4.5
        version: 11.4.5
      weak-lru-cache:
        specifier: 1.2.2
        version: 1.2.2
      ylru:
        specifier: 2.0.0
        version: 2.0.0
    devDependencies:
      '@tsconfig/node-ts':
        specifier: 23.6.2
        version: 23.6.2
      '@tsconfig/node24':
        specifier: 24.0.3
        version: 24.0.3
      '@tsconfig/strictest':
        specifier: 2.0.8
        version: 2.0.8
      '@types/node':
        specifier: 24.2.1
        version: 24.2.1
      '@typescript/native-preview':
        specifier: 7.0.0-dev.20251219.1
        version: 7.0.0-dev.20251219.1
      markdown-table:
        specifier: 3.0.4
        version: 3.0.4
      mitata:
        specifier: ^1.0.34
        version: 1.0.34
      nano-staged:
        specifier: 0.9.0
        version: 0.9.0
      p-limit:
        specifier: 7.2.0
        version: 7.2.0
      prettier:
        specifier: 3.7.4
        version: 3.7.4
      rolldown:
        specifier: 1.0.0-beta.55
        version: 1.0.0-beta.55
      simple-git-hooks:
        specifier: 2.13.1
        version: 2.13.1

packages:

  '@emnapi/core@1.7.1':
    resolution: {integrity: sha512-o1uhUASyo921r2XtHYOHy7gdkGLge8ghBEQHMWmyJFoXlpU58kIrhhN3w26lpQb6dspetweapMn2CSNwQ8I4wg==}

  '@emnapi/runtime@1.7.1':
    resolution: {integrity: sha512-PVtJr5CmLwYAU9PZDMITZoR5iAOShYREoR45EyyLrbntV50mdePTgUn4AmOw90Ifcj+x2kRjdzr1HP3RrNiHGA==}

  '@emnapi/wasi-threads@1.1.0':
    resolution: {integrity: sha512-WI0DdZ8xFSbgMjR1sFsKABJ/C5OnRrjT06JXbZKexJGrDuPTzZdDYfFlsgcCXCyf+suG5QU2e/y1Wo2V/OapLQ==}

  '@napi-rs/wasm-runtime@1.1.0':
    resolution: {integrity: sha512-Fq6DJW+Bb5jaWE69/qOE0D1TUN9+6uWhCeZpdnSBk14pjLcCWR7Q8n49PTSPHazM37JqrsdpEthXy2xn6jWWiA==}

  '@oxc-project/types@0.103.0':
    resolution: {integrity: sha512-bkiYX5kaXWwUessFRSoXFkGIQTmc6dLGdxuRTrC+h8PSnIdZyuXHHlLAeTmOue5Br/a0/a7dHH0Gca6eXn9MKg==}

  '@rolldown/binding-android-arm64@1.0.0-beta.55':
    resolution: {integrity: sha512-5cPpHdO+zp+klznZnIHRO1bMHDq5hS9cqXodEKAaa/dQTPDjnE91OwAsy3o1gT2x4QaY8NzdBXAvutYdaw0WeA==}
    engines: {node: ^20.19.0 || >=22.12.0}
    cpu: [arm64]
    os: [android]

  '@rolldown/binding-darwin-arm64@1.0.0-beta.55':
    resolution: {integrity: sha512-l0887CGU2SXZr0UJmeEcXSvtDCOhDTTYXuoWbhrEJ58YQhQk24EVhDhHMTyjJb1PBRniUgNc1G0T51eF8z+TWw==}
    engines: {node: ^20.19.0 || >=22.12.0}
    cpu: [arm64]
    os: [darwin]

  '@rolldown/binding-darwin-x64@1.0.0-beta.55':
    resolution: {integrity: sha512-d7qP2AVYzN0tYIP4vJ7nmr26xvmlwdkLD/jWIc9Z9dqh5y0UGPigO3m5eHoHq9BNazmwdD9WzDHbQZyXFZjgtA==}
    engines: {node: ^20.19.0 || >=22.12.0}
    cpu: [x64]
    os: [darwin]

  '@rolldown/binding-freebsd-x64@1.0.0-beta.55':
    resolution: {integrity: sha512-j311E4NOB0VMmXHoDDZhrWidUf7L/Sa6bu/+i2cskvHKU40zcUNPSYeD2YiO2MX+hhDFa5bJwhliYfs+bTrSZw==}
    engines: {node: ^20.19.0 || >=22.12.0}
    cpu: [x64]
    os: [freebsd]

  '@rolldown/binding-linux-arm-gnueabihf@1.0.0-beta.55':
    resolution: {integrity: sha512-lAsaYWhfNTW2A/9O7zCpb5eIJBrFeNEatOS/DDOZ5V/95NHy50g4b/5ViCqchfyFqRb7MKUR18/+xWkIcDkeIw==}
    engines: {node: ^20.19.0 || >=22.12.0}
    cpu: [arm]
    os: [linux]

  '@rolldown/binding-linux-arm64-gnu@1.0.0-beta.55':
    resolution: {integrity: sha512-2x6ffiVLZrQv7Xii9+JdtyT1U3bQhKj59K3eRnYlrXsKyjkjfmiDUVx2n+zSyijisUqD62fcegmx2oLLfeTkCA==}
    engines: {node: ^20.19.0 || >=22.12.0}
    cpu: [arm64]
    os: [linux]
    libc: [glibc]

  '@rolldown/binding-linux-arm64-musl@1.0.0-beta.55':
    resolution: {integrity: sha512-QbNncvqAXziya5wleI+OJvmceEE15vE4yn4qfbI/hwT/+8ZcqxyfRZOOh62KjisXxp4D0h3JZspycXYejxAU3w==}
    engines: {node: ^20.19.0 || >=22.12.0}
    cpu: [arm64]
    os: [linux]
    libc: [musl]

  '@rolldown/binding-linux-x64-gnu@1.0.0-beta.55':
    resolution: {integrity: sha512-YZCTZZM+rujxwVc6A+QZaNMJXVtmabmFYLG2VGQTKaBfYGvBKUgtbMEttnp/oZ88BMi2DzadBVhOmfQV8SuHhw==}
    engines: {node: ^20.19.0 || >=22.12.0}
    cpu: [x64]
    os: [linux]
    libc: [glibc]

  '@rolldown/binding-linux-x64-musl@1.0.0-beta.55':
    resolution: {integrity: sha512-28q9OQ/DDpFh2keS4BVAlc3N65/wiqKbk5K1pgLdu/uWbKa8hgUJofhXxqO+a+Ya2HVTUuYHneWsI2u+eu3N5Q==}
    engines: {node: ^20.19.0 || >=22.12.0}
    cpu: [x64]
    os: [linux]
    libc: [musl]

  '@rolldown/binding-openharmony-arm64@1.0.0-beta.55':
    resolution: {integrity: sha512-LiCA4BjCnm49B+j1lFzUtlC+4ZphBv0d0g5VqrEJua/uyv9Ey1v9tiaMql1C8c0TVSNDUmrkfHQ71vuQC7YfpQ==}
    engines: {node: ^20.19.0 || >=22.12.0}
    cpu: [arm64]
    os: [openharmony]

  '@rolldown/binding-wasm32-wasi@1.0.0-beta.55':
    resolution: {integrity: sha512-nZ76tY7T0Oe8vamz5Cv5CBJvrqeQxwj1WaJ2GxX8Msqs0zsQMMcvoyxOf0glnJlxxgKjtoBxAOxaAU8ERbW6Tg==}
    engines: {node: '>=14.0.0'}
    cpu: [wasm32]

  '@rolldown/binding-win32-arm64-msvc@1.0.0-beta.55':
    resolution: {integrity: sha512-TFVVfLfhL1G+pWspYAgPK/FSqjiBtRKYX9hixfs508QVEZPQlubYAepHPA7kEa6lZXYj5ntzF87KC6RNhxo+ew==}
    engines: {node: ^20.19.0 || >=22.12.0}
    cpu: [arm64]
    os: [win32]

  '@rolldown/binding-win32-x64-msvc@1.0.0-beta.55':
    resolution: {integrity: sha512-j1WBlk0p+ISgLzMIgl0xHp1aBGXenoK2+qWYc/wil2Vse7kVOdFq9aeQ8ahK6/oxX2teQ5+eDvgjdywqTL+daA==}
    engines: {node: ^20.19.0 || >=22.12.0}
    cpu: [x64]
    os: [win32]

  '@rolldown/pluginutils@1.0.0-beta.55':
    resolution: {integrity: sha512-vajw/B3qoi7aYnnD4BQ4VoCcXQWnF0roSwE2iynbNxgW4l9mFwtLmLmUhpDdcTBfKyZm1p/T0D13qG94XBLohA==}

  '@tsconfig/node-ts@23.6.2':
    resolution: {integrity: sha512-WcU3KR3tHB8XMotRBpUEGfPLT3W0gAhrHcTxU7mNQ4N1+fwF3LbjpWP07TuhZtN5ehK3bcK/R4Zzqp7Pqd7Nqg==}

  '@tsconfig/node24@24.0.3':
    resolution: {integrity: sha512-vcERKtKQKHgzt/vfS3Gjasd8SUI2a0WZXpgJURdJsMySpS5+ctgbPfuLj2z/W+w4lAfTWxoN4upKfu2WzIRYnw==}

  '@tsconfig/strictest@2.0.8':
    resolution: {integrity: sha512-XnQ7vNz5HRN0r88GYf1J9JJjqtZPiHt2woGJOo2dYqyHGGcd6OLGqSlBB6p1j9mpzja6Oe5BoPqWmeDx6X9rLw==}

  '@tybys/wasm-util@0.10.1':
    resolution: {integrity: sha512-9tTaPJLSiejZKx+Bmog4uSubteqTvFrVrURwkmHixBo0G4seD0zUxp98E1DzUBJxLQ3NPwXrGKDiVjwx/DpPsg==}

  '@types/node@24.2.1':
    resolution: {integrity: sha512-DRh5K+ka5eJic8CjH7td8QpYEV6Zo10gfRkjHCO3weqZHWDtAaSTFtl4+VMqOJ4N5jcuhZ9/l+yy8rVgw7BQeQ==}

  '@typescript/native-preview-darwin-arm64@7.0.0-dev.20251219.1':
    resolution: {integrity: sha512-hnEOHOmkrIZ0sjdGjvbYQJeynOQbe+Iwj7+7/y0AELbuusCGMmlw34nEz6m5Nkh1PO+OX+sgY2Hd5PO54mWdHA==}
    cpu: [arm64]
    os: [darwin]

  '@typescript/native-preview-darwin-x64@7.0.0-dev.20251219.1':
    resolution: {integrity: sha512-liPn6XM7Cao0VnVWZTzWBAFMZQl+IheaR8A5pzy85wvWH+ztUdm7K3RsykkJXPpMed9gCv3o1kVXNONzPU8Xng==}
    cpu: [x64]
    os: [darwin]

  '@typescript/native-preview-linux-arm64@7.0.0-dev.20251219.1':
    resolution: {integrity: sha512-iekBmuViSqmMQRaYrcSv9Bd1gIDgWlrZA5ozpG6bQDe6ekg+QnJ1LNsaY05caXvm45UZTy02poM8BJRZLklK2g==}
    cpu: [arm64]
    os: [linux]

  '@typescript/native-preview-linux-arm@7.0.0-dev.20251219.1':
    resolution: {integrity: sha512-ZUhxOj/t5JxFEveJmDlPFc3Y2OCv5lwPIA1otGqoUi7OhiHbzzFrVpYWAxASe9HXZqYQEqW7Hku7G04gPAHM6w==}
    cpu: [arm]
    os: [linux]

  '@typescript/native-preview-linux-x64@7.0.0-dev.20251219.1':
    resolution: {integrity: sha512-Fm+u4dTVpz0ruufnMGgqMzwZPH1rUvbg6XzC/jHgJGFy296tTKUrNpt+EomLShdlhmseAB+ledlVwNT9Ydv4xQ==}
    cpu: [x64]
    os: [linux]

  '@typescript/native-preview-win32-arm64@7.0.0-dev.20251219.1':
    resolution: {integrity: sha512-GRadtoEGmWS4LZE8XlJUomEpNMnWJSd6JERVvBLcQo7Rs2hbPX+8h01hgnbw1xeYvQq1z56S5RnndmmsqszcxQ==}
    cpu: [arm64]
    os: [win32]

  '@typescript/native-preview-win32-x64@7.0.0-dev.20251219.1':
    resolution: {integrity: sha512-ogGZMdMeY8p2fVXFYDPcRpw0eYFGrGTzFhha5UbzAGPoKH6zRGAnfZOLbedzjbknx/MHFVAO0fy83xUXzdCdMw==}
    cpu: [x64]
    os: [win32]

  '@typescript/native-preview@7.0.0-dev.20251219.1':
    resolution: {integrity: sha512-NeNphyEomcL5/CtsJfv16PJ1jX3ot08JQVp0UUI7hHok4mabbFOGmaiIWa/ZVR+p0LeUwPoMEouSdJ15A850DQ==}
    hasBin: true

  '@wry/caches@1.0.1':
    resolution: {integrity: sha512-bXuaUNLVVkD20wcGBWRyo7j9N3TxePEWFZj2Y+r9OoUzfqmavM84+mFykRicNsBqatba5JLay1t48wxaXaWnlA==}
    engines: {node: '>=8'}

  flru@1.0.2:
    resolution: {integrity: sha512-kWyh8ADvHBFz6ua5xYOPnUroZTT/bwWfrCeL0Wj1dzG4/YOmOcfJ99W8dOVyyynJN35rZ9aCOtHChqQovV7yog==}
    engines: {node: '>=6'}

  hashlru@2.3.0:
    resolution: {integrity: sha512-0cMsjjIC8I+D3M44pOQdsy0OHXGLVz6Z0beRuufhKa0KfaD2wGwAev6jILzXsd3/vpnNQJmWyZtIILqM1N+n5A==}

  immediato@1.1.0:
    resolution: {integrity: sha512-6DTWQWiM3SyxAbNRDmMvFgZVwVP6wT8ciQv7GivxXejtXZFIcemC0Wlzfd/jEouJ2JroCIp4qZVloKW4BviUpQ==}

  inherits@2.0.4:
    resolution: {integrity: sha512-k/vGaX4/Yla3WzyMCvTQOXYeIHvqOKtnqBduzTHpzpQZzAskKMhZ2K+EnBiSM9zGSoIFeMpXKxa4dYeZIQqewQ==}

  isotimer@1.0.0:
    resolution: {integrity: sha512-1p1wborMl9fFbulXx9YBpIqFnfUn/2tN8Ne9g3GLMaiQAPmN/wLlpNOKCNT822div3Sq7LKkApZJ+6JipDUusQ==}

  lru-cache@11.2.4:
    resolution: {integrity: sha512-B5Y16Jr9LB9dHVkh6ZevG+vAbOsNOYCX+sXvFWFu7B3Iz5mijW3zdbMyhsh8ANd2mSWBYdJgnqi+mL7/LrOPYg==}
    engines: {node: 20 || >=22}

  lru.min@1.1.3:
    resolution: {integrity: sha512-Lkk/vx6ak3rYkRR0Nhu4lFUT2VDnQSxBe8Hbl7f36358p6ow8Bnvr8lrLt98H8J1aGxfhbX4Fs5tYg2+FTwr5Q==}
    engines: {bun: '>=1.0.0', deno: '>=1.30.0', node: '>=8.0.0'}

  lru@3.1.0:
    resolution: {integrity: sha512-5OUtoiVIGU4VXBOshidmtOsvBIvcQR6FD/RzWSvaeHyxCGB+PCUCu+52lqMfdc0h/2CLvHhZS4TwUmMQrrMbBQ==}
    engines: {node: '>= 0.4.0'}

  lru_map@0.4.1:
    resolution: {integrity: sha512-I+lBvqMMFfqaV8CJCISjI3wbjmwVu/VyOoU7+qtu9d7ioW5klMgsTTiUOUp+DJvfTTzKXoPbyC6YfgkNcyPSOg==}

  markdown-table@3.0.4:
    resolution: {integrity: sha512-wiYz4+JrLyb/DqW2hkFJxP7Vd7JuTDm77fvbM8VfEQdmSMqcImWeeRbHwZjBjIFki/VaMK2BhFi7oUUZeM5bqw==}

  mitata@1.0.34:
    resolution: {integrity: sha512-Mc3zrtNBKIMeHSCQ0XqRLo1vbdIx1wvFV9c8NJAiyho6AjNfMY8bVhbS12bwciUdd1t4rj8099CH3N3NFahaUA==}

  mnemonist@0.40.3:
    resolution: {integrity: sha512-Vjyr90sJ23CKKH/qPAgUKicw/v6pRoamxIEDFOF8uSgFME7DqPRpHgRTejWVjkdGg5dXj0/NyxZHZ9bcjH+2uQ==}

  nano-staged@0.9.0:
    resolution: {integrity: sha512-0JfyX4i0Vp5HhC9RDtJ1kp7psz8CFuS3Gya3Z6WZv//QCwA9dPzi1S803VdR0c0P6R7sSvweZ5mSJmYQ/N+loQ==}
    engines: {node: ^12.20.0 || ^14.13.1 || >=16.0.0}
    hasBin: true

  nanolru@1.0.0:
    resolution: {integrity: sha512-GyQkE8M32pULhQk7Sko5raoIbPalAk90ICG+An4fq6fCsFHsP6fB2K46WGXVdoJpy4SGMnZ/EKbo123fZJomWg==}
    engines: {node: '>= 0.4.0'}

  obliterator@2.0.5:
    resolution: {integrity: sha512-42CPE9AhahZRsMNslczq0ctAEtqk8Eka26QofnqC346BZdHDySk3LWka23LI7ULIw11NmltpiLagIq8gBozxTw==}

  p-limit@7.2.0:
    resolution: {integrity: sha512-ATHLtwoTNDloHRFFxFJdHnG6n2WUeFjaR8XQMFdKIv0xkXjrER8/iG9iu265jOM95zXHAfv9oTkqhrfbIzosrQ==}
    engines: {node: '>=20'}

  picocolors@1.1.1:
    resolution: {integrity: sha512-xceH2snhtb5M9liqDsmEw56le376mTZkEX/jEb/RxNFyegNul7eNslCXP9FDj/Lcu0X8KEyMceP2ntpaHrDEVA==}

  picolru@2.0.0:
    resolution: {integrity: sha512-LPWNtsX8E4H8CGo+9yhHHif+LC3LRV3kf0t0ksl+91lGHdWf4ZsMA8HusJzyOpzvRJExACO8RkQPckuy4uO5QA==}

  prettier@3.7.4:
    resolution: {integrity: sha512-v6UNi1+3hSlVvv8fSaoUbggEM5VErKmmpGA7Pl3HF8V6uKY7rvClBOJlH6yNwQtfTueNkGVpOv/mtWL9L4bgRA==}
    engines: {node: '>=14'}
    hasBin: true

  quick-lru@7.3.0:
    resolution: {integrity: sha512-k9lSsjl36EJdK7I06v7APZCbyGT2vMTsYSRX1Q2nbYmnkBqgUhRkAuzH08Ciotteu/PLJmIF2+tti7o3C/ts2g==}
    engines: {node: '>=18'}

  rolldown@1.0.0-beta.55:
    resolution: {integrity: sha512-r8Ws43aYCnfO07ao0SvQRz4TBAtZJjGWNvScRBOHuiNHvjfECOJBIqJv0nUkL1GYcltjvvHswRilDF1ocsC0+g==}
    engines: {node: ^20.19.0 || >=22.12.0}
    hasBin: true

  simple-git-hooks@2.13.1:
    resolution: {integrity: sha512-WszCLXwT4h2k1ufIXAgsbiTOazqqevFCIncOuUBZJ91DdvWcC5+OFkluWRQPrcuSYd8fjq+o2y1QfWqYMoAToQ==}
    hasBin: true

  tiny-lru@11.4.5:
    resolution: {integrity: sha512-hkcz3FjNJfKXjV4mjQ1OrXSLAehg8Hw+cEZclOVT+5c/cWQWImQ9wolzTjth+dmmDe++p3bme3fTxz6Q4Etsqw==}
    engines: {node: '>=12'}

  tslib@2.8.1:
    resolution: {integrity: sha512-oJFu94HQb+KVduSUQL7wnpmqnfmLsOA/nAh6b6EH0wCEoK0/mPeXU6c3wKDV83MkOuHPRHtSXKKU99IBazS/2w==}

  undici-types@7.10.0:
    resolution: {integrity: sha512-t5Fy/nfn+14LuOc2KNYg75vZqClpAiqscVvMygNnlsHBFpSXdJaYtXMcdNLpl/Qvc3P2cB3s6lOV51nqsFq4ag==}

  weak-lru-cache@1.2.2:
    resolution: {integrity: sha512-DEAoo25RfSYMuTGc9vPJzZcZullwIqRDSI9LOy+fkCJPi6hykCnfKaXTuPBDuXAUcqHXyOgFtHNp/kB2FjYHbw==}

  ylru@2.0.0:
    resolution: {integrity: sha512-T6hTrKcr9lKeUG0MQ/tO72D3UGptWVohgzpHG8ljU1jeBt2RCjcWxvsTPD8ZzUq1t1FvwROAw1kxg2euvg/THg==}
    engines: {node: '>= 18.19.0'}

  yocto-queue@1.2.2:
    resolution: {integrity: sha512-4LCcse/U2MHZ63HAJVE+v71o7yOdIe4cZ70Wpf8D/IyjDKYQLV5GD46B+hSTjJsvV5PztjvHoU580EftxjDZFQ==}
    engines: {node: '>=12.20'}

snapshots:

  '@emnapi/core@1.7.1':
    dependencies:
      '@emnapi/wasi-threads': 1.1.0
      tslib: 2.8.1
    optional: true

  '@emnapi/runtime@1.7.1':
    dependencies:
      tslib: 2.8.1
    optional: true

  '@emnapi/wasi-threads@1.1.0':
    dependencies:
      tslib: 2.8.1
    optional: true

  '@napi-rs/wasm-runtime@1.1.0':
    dependencies:
      '@emnapi/core': 1.7.1
      '@emnapi/runtime': 1.7.1
      '@tybys/wasm-util': 0.10.1
    optional: true

  '@oxc-project/types@0.103.0': {}

  '@rolldown/binding-android-arm64@1.0.0-beta.55':
    optional: true

  '@rolldown/binding-darwin-arm64@1.0.0-beta.55':
    optional: true

  '@rolldown/binding-darwin-x64@1.0.0-beta.55':
    optional: true

  '@rolldown/binding-freebsd-x64@1.0.0-beta.55':
    optional: true

  '@rolldown/binding-linux-arm-gnueabihf@1.0.0-beta.55':
    optional: true

  '@rolldown/binding-linux-arm64-gnu@1.0.0-beta.55':
    optional: true

  '@rolldown/binding-linux-arm64-musl@1.0.0-beta.55':
    optional: true

  '@rolldown/binding-linux-x64-gnu@1.0.0-beta.55':
    optional: true

  '@rolldown/binding-linux-x64-musl@1.0.0-beta.55':
    optional: true

  '@rolldown/binding-openharmony-arm64@1.0.0-beta.55':
    optional: true

  '@rolldown/binding-wasm32-wasi@1.0.0-beta.55':
    dependencies:
      '@napi-rs/wasm-runtime': 1.1.0
    optional: true

  '@rolldown/binding-win32-arm64-msvc@1.0.0-beta.55':
    optional: true

  '@rolldown/binding-win32-x64-msvc@1.0.0-beta.55':
    optional: true

  '@rolldown/pluginutils@1.0.0-beta.55': {}

  '@tsconfig/node-ts@23.6.2': {}

  '@tsconfig/node24@24.0.3': {}

  '@tsconfig/strictest@2.0.8': {}

  '@tybys/wasm-util@0.10.1':
    dependencies:
      tslib: 2.8.1
    optional: true

  '@types/node@24.2.1':
    dependencies:
      undici-types: 7.10.0

  '@typescript/native-preview-darwin-arm64@7.0.0-dev.20251219.1':
    optional: true

  '@typescript/native-preview-darwin-x64@7.0.0-dev.20251219.1':
    optional: true

  '@typescript/native-preview-linux-arm64@7.0.0-dev.20251219.1':
    optional: true

  '@typescript/native-preview-linux-arm@7.0.0-dev.20251219.1':
    optional: true

  '@typescript/native-preview-linux-x64@7.0.0-dev.20251219.1':
    optional: true

  '@typescript/native-preview-win32-arm64@7.0.0-dev.20251219.1':
    optional: true

  '@typescript/native-preview-win32-x64@7.0.0-dev.20251219.1':
    optional: true

  '@typescript/native-preview@7.0.0-dev.20251219.1':
    optionalDependencies:
      '@typescript/native-preview-darwin-arm64': 7.0.0-dev.20251219.1
      '@typescript/native-preview-darwin-x64': 7.0.0-dev.20251219.1
      '@typescript/native-preview-linux-arm': 7.0.0-dev.20251219.1
      '@typescript/native-preview-linux-arm64': 7.0.0-dev.20251219.1
      '@typescript/native-preview-linux-x64': 7.0.0-dev.20251219.1
      '@typescript/native-preview-win32-arm64': 7.0.0-dev.20251219.1
      '@typescript/native-preview-win32-x64': 7.0.0-dev.20251219.1

  '@wry/caches@1.0.1':
    dependencies:
      tslib: 2.8.1

  flru@1.0.2: {}

  hashlru@2.3.0: {}

  immediato@1.1.0: {}

  inherits@2.0.4: {}

  isotimer@1.0.0:
    dependencies:
      immediato: 1.1.0

  lru-cache@11.2.4: {}

  lru.min@1.1.3: {}

  lru@3.1.0:
    dependencies:
      inherits: 2.0.4

  lru_map@0.4.1: {}

  markdown-table@3.0.4: {}

  mitata@1.0.34: {}

  mnemonist@0.40.3:
    dependencies:
      obliterator: 2.0.5

  nano-staged@0.9.0:
    dependencies:
      picocolors: 1.1.1

  nanolru@1.0.0: {}

  obliterator@2.0.5: {}

  p-limit@7.2.0:
    dependencies:
      yocto-queue: 1.2.2

  picocolors@1.1.1: {}

  picolru@2.0.0:
    dependencies:
      isotimer: 1.0.0

  prettier@3.7.4: {}

  quick-lru@7.3.0: {}

  rolldown@1.0.0-beta.55:
    dependencies:
      '@oxc-project/types': 0.103.0
      '@rolldown/pluginutils': 1.0.0-beta.55
    optionalDependencies:
      '@rolldown/binding-android-arm64': 1.0.0-beta.55
      '@rolldown/binding-darwin-arm64': 1.0.0-beta.55
      '@rolldown/binding-darwin-x64': 1.0.0-beta.55
      '@rolldown/binding-freebsd-x64': 1.0.0-beta.55
      '@rolldown/binding-linux-arm-gnueabihf': 1.0.0-beta.55
      '@rolldown/binding-linux-arm64-gnu': 1.0.0-beta.55
      '@rolldown/binding-linux-arm64-musl': 1.0.0-beta.55
      '@rolldown/binding-linux-x64-gnu': 1.0.0-beta.55
      '@rolldown/binding-linux-x64-musl': 1.0.0-beta.55
      '@rolldown/binding-openharmony-arm64': 1.0.0-beta.55
      '@rolldown/binding-wasm32-wasi': 1.0.0-beta.55
      '@rolldown/binding-win32-arm64-msvc': 1.0.0-beta.55
      '@rolldown/binding-win32-x64-msvc': 1.0.0-beta.55

  simple-git-hooks@2.13.1: {}

  tiny-lru@11.4.5: {}

  tslib@2.8.1: {}

  undici-types@7.10.0: {}

  weak-lru-cache@1.2.2: {}

  ylru@2.0.0: {}

  yocto-queue@1.2.2: {}
