lockfileVersion: '9.0'

settings:
  autoInstallPeers: true
  excludeLinksFromLockfile: false

overrides:
  '@antfu/eslint-config>@eslint/markdown': '-'
  '@antfu/eslint-config>@stylistic/eslint-plugin': '-'
  '@antfu/eslint-config>eslint-plugin-jsonc': '-'
  '@antfu/eslint-config>eslint-plugin-toml': '-'
  '@antfu/eslint-config>eslint-plugin-vue': '-'
  '@antfu/eslint-config>eslint-processor-vue-blocks': '-'
  '@antfu/eslint-config>jsonc-eslint-parser': '-'
  '@antfu/eslint-config>toml-eslint-parser': '-'
  '@antfu/eslint-config>vitest': '-'
  eslint-plugin-pnpm>jsonc-eslint-parser: '-'

importers:

  .:
    dependencies:
      '@wry/caches':
        specifier: 1.0.1
        version: 1.0.1
      flru:
        specifier: 1.0.2
        version: 1.0.2
      hashlru:
        specifier: 2.3.0
        version: 2.3.0
      lru:
        specifier: 3.1.0
        version: 3.1.0
      lru-cache:
        specifier: 11.1.0
        version: 11.1.0
      lru.min:
        specifier: 1.1.2
        version: 1.1.2
      lru_map:
        specifier: 0.4.1
        version: 0.4.1
      mnemonist:
        specifier: 0.40.3
        version: 0.40.3
      nanolru:
        specifier: 1.0.0
        version: 1.0.0
      quick-lru:
        specifier: 7.0.1
        version: 7.0.1
      tiny-lru:
        specifier: 11.4.3
        version: 11.4.3
      weak-lru-cache:
        specifier: 1.2.2
        version: 1.2.2
      ylru:
        specifier: 2.0.0
        version: 2.0.0
    devDependencies:
      '@tsconfig/node-ts':
        specifier: 23.6.1
        version: 23.6.1
      '@tsconfig/node24':
        specifier: 24.0.1
        version: 24.0.1
      '@tsconfig/strictest':
        specifier: 2.0.5
        version: 2.0.5
      '@types/node':
        specifier: 24.2.1
        version: 24.2.1
      markdown-table:
        specifier: 3.0.4
        version: 3.0.4
      mitata:
        specifier: ^1.0.34
        version: 1.0.34
      nano-staged:
        specifier: 0.8.0
        version: 0.8.0
      p-limit:
        specifier: 6.2.0
        version: 6.2.0
      prettier:
        specifier: 3.6.2
        version: 3.6.2
      rolldown:
        specifier: 1.0.0-beta.32
        version: 1.0.0-beta.32
      simple-git-hooks:
        specifier: 2.13.1
        version: 2.13.1
      typescript:
        specifier: 5.9.2
        version: 5.9.2

packages:

  '@emnapi/core@1.4.5':
    resolution: {integrity: sha512-XsLw1dEOpkSX/WucdqUhPWP7hDxSvZiY+fsUC14h+FtQ2Ifni4znbBt8punRX+Uj2JG/uDb8nEHVKvrVlvdZ5Q==}

  '@emnapi/runtime@1.4.5':
    resolution: {integrity: sha512-++LApOtY0pEEz1zrd9vy1/zXVaVJJ/EbAF3u0fXIzPJEDtnITsBGbbK0EkM72amhl/R5b+5xx0Y/QhcVOpuulg==}

  '@emnapi/wasi-threads@1.0.4':
    resolution: {integrity: sha512-PJR+bOmMOPH8AtcTGAyYNiuJ3/Fcoj2XN/gBEWzDIKh254XO+mM9XoXHk5GNEhodxeMznbg7BlRojVbKN+gC6g==}

  '@napi-rs/wasm-runtime@1.0.3':
    resolution: {integrity: sha512-rZxtMsLwjdXkMUGC3WwsPwLNVqVqnTJT6MNIB6e+5fhMcSCPP0AOsNWuMQ5mdCq6HNjs/ZeWAEchpqeprqBD2Q==}

  '@oxc-project/runtime@0.81.0':
    resolution: {integrity: sha512-zm/LDVOq9FEmHiuM8zO4DWirv0VP2Tv2VsgaiHby9nvpq+FVrcqNYgv+TysLKOITQXWZj/roluTxFvpkHP0Iuw==}
    engines: {node: '>=6.9.0'}

  '@oxc-project/types@0.81.0':
    resolution: {integrity: sha512-CnOqkybZK8z6Gx7Wb1qF7AEnSzbol1WwcIzxYOr8e91LytGOjo0wCpgoYWZo8sdbpqX+X+TJayIzo4Pv0R/KjA==}

  '@rolldown/binding-android-arm64@1.0.0-beta.32':
    resolution: {integrity: sha512-Gs+313LfR4Ka3hvifdag9r44WrdKQaohya7ZXUXzARF7yx0atzFlVZjsvxtKAw1Vmtr4hB/RjUD1jf73SW7zDw==}
    cpu: [arm64]
    os: [android]

  '@rolldown/binding-darwin-arm64@1.0.0-beta.32':
    resolution: {integrity: sha512-W8oMqzGcI7wKPXUtS3WJNXzbghHfNiuM1UBAGpVb+XlUCgYRQJd2PRGP7D3WGql3rR3QEhUvSyAuCBAftPQw6Q==}
    cpu: [arm64]
    os: [darwin]

  '@rolldown/binding-darwin-x64@1.0.0-beta.32':
    resolution: {integrity: sha512-pM4c4sKUk37noJrnnDkJknLhCsfZu7aWyfe67bD0GQHfzAPjV16wPeD9CmQg4/0vv+5IfHYaa4VE536xbA+W0Q==}
    cpu: [x64]
    os: [darwin]

  '@rolldown/binding-freebsd-x64@1.0.0-beta.32':
    resolution: {integrity: sha512-M8SUgFlYb5kJJWcFC8gUMRiX4WLFxPKMed3SJ2YrxontgIrEcpizPU8nLNVsRYEStoSfKHKExpQw3OP6fm+5bw==}
    cpu: [x64]
    os: [freebsd]

  '@rolldown/binding-linux-arm-gnueabihf@1.0.0-beta.32':
    resolution: {integrity: sha512-FuQpbNC/hE//bvv29PFnk0AtpJzdPdYl5CMhlWPovd9g3Kc3lw9TrEPIbL7gRPUdhKAiq6rVaaGvOnXxsa0eww==}
    cpu: [arm]
    os: [linux]

  '@rolldown/binding-linux-arm64-gnu@1.0.0-beta.32':
    resolution: {integrity: sha512-hRZygRlaGCjcNTNY9GV7dDI18sG1dK3cc7ujHq72LoDad23zFDUGMQjiSxHWK+/r92iMV+j2MiHbvzayxqynsg==}
    cpu: [arm64]
    os: [linux]

  '@rolldown/binding-linux-arm64-musl@1.0.0-beta.32':
    resolution: {integrity: sha512-HzgT6h+CXLs+GKAU0Wvkt3rvcv0CmDBsDjlPhh4GHysOKbG9NjpKYX2zvjx671E9pGbTvcPpwy7gGsy7xpu+8g==}
    cpu: [arm64]
    os: [linux]

  '@rolldown/binding-linux-x64-gnu@1.0.0-beta.32':
    resolution: {integrity: sha512-Ab/wbf6gdzphDbsg51UaxsC93foQ7wxhtg0SVCXd25BrV4MAJ1HoDtKN/f4h0maFmJobkqYub2DlmoasUzkvBg==}
    cpu: [x64]
    os: [linux]

  '@rolldown/binding-linux-x64-musl@1.0.0-beta.32':
    resolution: {integrity: sha512-VoxqGEfh5A1Yx+zBp/FR5QwAbtzbuvky2SVc+ii4g1gLD4zww6mt/hPi5zG+b88zYPFBKHpxMtsz9cWqXU5V5Q==}
    cpu: [x64]
    os: [linux]

  '@rolldown/binding-openharmony-arm64@1.0.0-beta.32':
    resolution: {integrity: sha512-qZ1ViyOUDGbiZrSAJ/FIAhYUElDfVxxFW6DLT/w4KeoZN3HsF4jmRP95mXtl51/oGrqzU9l9Q2f7/P4O/o2ZZA==}
    cpu: [arm64]
    os: [openharmony]

  '@rolldown/binding-wasm32-wasi@1.0.0-beta.32':
    resolution: {integrity: sha512-hEkG3wD+f3wytV0lqwb/uCrXc4r4Ny/DWJFJPfQR3VeMWplhWGgSHNwZc2Q7k86Yi36f9NNzzWmrIuvHI9lCVw==}
    engines: {node: '>=14.0.0'}
    cpu: [wasm32]

  '@rolldown/binding-win32-arm64-msvc@1.0.0-beta.32':
    resolution: {integrity: sha512-k3MvDf8SiA7uP2ikP0unNouJ2YCrnwi7xcVW+RDgMp5YXVr3Xu6svmT3HGn0tkCKUuPmf+uy8I5uiHt5qWQbew==}
    cpu: [arm64]
    os: [win32]

  '@rolldown/binding-win32-ia32-msvc@1.0.0-beta.32':
    resolution: {integrity: sha512-wAi/FxGh7arDOUG45UmnXE1sZUa0hY4cXAO2qWAjFa3f7bTgz/BqwJ7XN5SUezvAJPNkME4fEpInfnBvM25a0w==}
    cpu: [ia32]
    os: [win32]

  '@rolldown/binding-win32-x64-msvc@1.0.0-beta.32':
    resolution: {integrity: sha512-Ej0i4PZk8ltblZtzVK8ouaGUacUtxRmTm5S9794mdyU/tYxXjAJNseOfxrnHpMWKjMDrOKbqkPqJ52T9NR4LQQ==}
    cpu: [x64]
    os: [win32]

  '@rolldown/pluginutils@1.0.0-beta.32':
    resolution: {integrity: sha512-QReCdvxiUZAPkvp1xpAg62IeNzykOFA6syH2CnClif4YmALN1XKpB39XneL80008UbtMShthSVDKmrx05N1q/g==}

  '@tsconfig/node-ts@23.6.1':
    resolution: {integrity: sha512-1E5cUp+S65pLKKI9VrGMQPWDHxOEq3dAGM2onG3fLeSRwWbylYFwhIjnzJikjSN7w2nCgwxmv8ifvUKDFkK38Q==}

  '@tsconfig/node24@24.0.1':
    resolution: {integrity: sha512-3+IXshza3bIrT0tbHBr9CixQDVf4iBf0HTR0hCYowhpLqkzJjswu3UY8aZWjRXZep31kYB+o2SQeD8KwIoUHYw==}

  '@tsconfig/strictest@2.0.5':
    resolution: {integrity: sha512-ec4tjL2Rr0pkZ5hww65c+EEPYwxOi4Ryv+0MtjeaSQRJyq322Q27eOQiFbuNgw2hpL4hB1/W/HBGk3VKS43osg==}

  '@tybys/wasm-util@0.10.0':
    resolution: {integrity: sha512-VyyPYFlOMNylG45GoAe0xDoLwWuowvf92F9kySqzYh8vmYm7D2u4iUJKa1tOUpS70Ku13ASrOkS4ScXFsTaCNQ==}

  '@types/node@24.2.1':
    resolution: {integrity: sha512-DRh5K+ka5eJic8CjH7td8QpYEV6Zo10gfRkjHCO3weqZHWDtAaSTFtl4+VMqOJ4N5jcuhZ9/l+yy8rVgw7BQeQ==}

  '@wry/caches@1.0.1':
    resolution: {integrity: sha512-bXuaUNLVVkD20wcGBWRyo7j9N3TxePEWFZj2Y+r9OoUzfqmavM84+mFykRicNsBqatba5JLay1t48wxaXaWnlA==}
    engines: {node: '>=8'}

  ansis@4.1.0:
    resolution: {integrity: sha512-BGcItUBWSMRgOCe+SVZJ+S7yTRG0eGt9cXAHev72yuGcY23hnLA7Bky5L/xLyPINoSN95geovfBkqoTlNZYa7w==}
    engines: {node: '>=14'}

  flru@1.0.2:
    resolution: {integrity: sha512-kWyh8ADvHBFz6ua5xYOPnUroZTT/bwWfrCeL0Wj1dzG4/YOmOcfJ99W8dOVyyynJN35rZ9aCOtHChqQovV7yog==}
    engines: {node: '>=6'}

  hashlru@2.3.0:
    resolution: {integrity: sha512-0cMsjjIC8I+D3M44pOQdsy0OHXGLVz6Z0beRuufhKa0KfaD2wGwAev6jILzXsd3/vpnNQJmWyZtIILqM1N+n5A==}

  inherits@2.0.4:
    resolution: {integrity: sha512-k/vGaX4/Yla3WzyMCvTQOXYeIHvqOKtnqBduzTHpzpQZzAskKMhZ2K+EnBiSM9zGSoIFeMpXKxa4dYeZIQqewQ==}

  lru-cache@11.1.0:
    resolution: {integrity: sha512-QIXZUBJUx+2zHUdQujWejBkcD9+cs94tLn0+YL8UrCh+D5sCXZ4c7LaEH48pNwRY3MLDgqUFyhlCyjJPf1WP0A==}
    engines: {node: 20 || >=22}

  lru.min@1.1.2:
    resolution: {integrity: sha512-Nv9KddBcQSlQopmBHXSsZVY5xsdlZkdH/Iey0BlcBYggMd4two7cZnKOK9vmy3nY0O5RGH99z1PCeTpPqszUYg==}
    engines: {bun: '>=1.0.0', deno: '>=1.30.0', node: '>=8.0.0'}

  lru@3.1.0:
    resolution: {integrity: sha512-5OUtoiVIGU4VXBOshidmtOsvBIvcQR6FD/RzWSvaeHyxCGB+PCUCu+52lqMfdc0h/2CLvHhZS4TwUmMQrrMbBQ==}
    engines: {node: '>= 0.4.0'}

  lru_map@0.4.1:
    resolution: {integrity: sha512-I+lBvqMMFfqaV8CJCISjI3wbjmwVu/VyOoU7+qtu9d7ioW5klMgsTTiUOUp+DJvfTTzKXoPbyC6YfgkNcyPSOg==}

  markdown-table@3.0.4:
    resolution: {integrity: sha512-wiYz4+JrLyb/DqW2hkFJxP7Vd7JuTDm77fvbM8VfEQdmSMqcImWeeRbHwZjBjIFki/VaMK2BhFi7oUUZeM5bqw==}

  mitata@1.0.34:
    resolution: {integrity: sha512-Mc3zrtNBKIMeHSCQ0XqRLo1vbdIx1wvFV9c8NJAiyho6AjNfMY8bVhbS12bwciUdd1t4rj8099CH3N3NFahaUA==}

  mnemonist@0.40.3:
    resolution: {integrity: sha512-Vjyr90sJ23CKKH/qPAgUKicw/v6pRoamxIEDFOF8uSgFME7DqPRpHgRTejWVjkdGg5dXj0/NyxZHZ9bcjH+2uQ==}

  nano-staged@0.8.0:
    resolution: {integrity: sha512-QSEqPGTCJbkHU2yLvfY6huqYPjdBrOaTMKatO1F8nCSrkQGXeKwtCiCnsdxnuMhbg3DTVywKaeWLGCE5oJpq0g==}
    engines: {node: ^12.20.0 || ^14.13.1 || >=16.0.0}
    hasBin: true

  nanolru@1.0.0:
    resolution: {integrity: sha512-GyQkE8M32pULhQk7Sko5raoIbPalAk90ICG+An4fq6fCsFHsP6fB2K46WGXVdoJpy4SGMnZ/EKbo123fZJomWg==}
    engines: {node: '>= 0.4.0'}

  obliterator@2.0.5:
    resolution: {integrity: sha512-42CPE9AhahZRsMNslczq0ctAEtqk8Eka26QofnqC346BZdHDySk3LWka23LI7ULIw11NmltpiLagIq8gBozxTw==}

  p-limit@6.2.0:
    resolution: {integrity: sha512-kuUqqHNUqoIWp/c467RI4X6mmyuojY5jGutNU0wVTmEOOfcuwLqyMVoAi9MKi2Ak+5i9+nhmrK4ufZE8069kHA==}
    engines: {node: '>=18'}

  picocolors@1.1.1:
    resolution: {integrity: sha512-xceH2snhtb5M9liqDsmEw56le376mTZkEX/jEb/RxNFyegNul7eNslCXP9FDj/Lcu0X8KEyMceP2ntpaHrDEVA==}

  prettier@3.6.2:
    resolution: {integrity: sha512-I7AIg5boAr5R0FFtJ6rCfD+LFsWHp81dolrFD8S79U9tb8Az2nGrJncnMSnys+bpQJfRUzqs9hnA81OAA3hCuQ==}
    engines: {node: '>=14'}
    hasBin: true

  quick-lru@7.0.1:
    resolution: {integrity: sha512-kLjThirJMkWKutUKbZ8ViqFc09tDQhlbQo2MNuVeLWbRauqYP96Sm6nzlQ24F0HFjUNZ4i9+AgldJ9H6DZXi7g==}
    engines: {node: '>=18'}

  rolldown@1.0.0-beta.32:
    resolution: {integrity: sha512-vxI2sPN07MMaoYKlFrVva5qZ1Y7DAZkgp7MQwTnyHt4FUMz9Sh+YeCzNFV9JYHI6ZNwoGWLCfCViE3XVsRC1cg==}
    hasBin: true

  simple-git-hooks@2.13.1:
    resolution: {integrity: sha512-WszCLXwT4h2k1ufIXAgsbiTOazqqevFCIncOuUBZJ91DdvWcC5+OFkluWRQPrcuSYd8fjq+o2y1QfWqYMoAToQ==}
    hasBin: true

  tiny-lru@11.4.3:
    resolution: {integrity: sha512-OPCyi9PWxiKAbcMm05/PFka+/MzAGXJXg+a8GUl3sbpGLLMMiCYESzBhD5rYRsAZhqtlZ9jCLCUEKamjGt+JHg==}
    engines: {node: '>=12'}

  tslib@2.8.1:
    resolution: {integrity: sha512-oJFu94HQb+KVduSUQL7wnpmqnfmLsOA/nAh6b6EH0wCEoK0/mPeXU6c3wKDV83MkOuHPRHtSXKKU99IBazS/2w==}

  typescript@5.9.2:
    resolution: {integrity: sha512-CWBzXQrc/qOkhidw1OzBTQuYRbfyxDXJMVJ1XNwUHGROVmuaeiEm3OslpZ1RV96d7SKKjZKrSJu3+t/xlw3R9A==}
    engines: {node: '>=14.17'}
    hasBin: true

  undici-types@7.10.0:
    resolution: {integrity: sha512-t5Fy/nfn+14LuOc2KNYg75vZqClpAiqscVvMygNnlsHBFpSXdJaYtXMcdNLpl/Qvc3P2cB3s6lOV51nqsFq4ag==}

  weak-lru-cache@1.2.2:
    resolution: {integrity: sha512-DEAoo25RfSYMuTGc9vPJzZcZullwIqRDSI9LOy+fkCJPi6hykCnfKaXTuPBDuXAUcqHXyOgFtHNp/kB2FjYHbw==}

  ylru@2.0.0:
    resolution: {integrity: sha512-T6hTrKcr9lKeUG0MQ/tO72D3UGptWVohgzpHG8ljU1jeBt2RCjcWxvsTPD8ZzUq1t1FvwROAw1kxg2euvg/THg==}
    engines: {node: '>= 18.19.0'}

  yocto-queue@1.2.1:
    resolution: {integrity: sha512-AyeEbWOu/TAXdxlV9wmGcR0+yh2j3vYPGOECcIj2S7MkrLyC7ne+oye2BKTItt0ii2PHk4cDy+95+LshzbXnGg==}
    engines: {node: '>=12.20'}

snapshots:

  '@emnapi/core@1.4.5':
    dependencies:
      '@emnapi/wasi-threads': 1.0.4
      tslib: 2.8.1
    optional: true

  '@emnapi/runtime@1.4.5':
    dependencies:
      tslib: 2.8.1
    optional: true

  '@emnapi/wasi-threads@1.0.4':
    dependencies:
      tslib: 2.8.1
    optional: true

  '@napi-rs/wasm-runtime@1.0.3':
    dependencies:
      '@emnapi/core': 1.4.5
      '@emnapi/runtime': 1.4.5
      '@tybys/wasm-util': 0.10.0
    optional: true

  '@oxc-project/runtime@0.81.0': {}

  '@oxc-project/types@0.81.0': {}

  '@rolldown/binding-android-arm64@1.0.0-beta.32':
    optional: true

  '@rolldown/binding-darwin-arm64@1.0.0-beta.32':
    optional: true

  '@rolldown/binding-darwin-x64@1.0.0-beta.32':
    optional: true

  '@rolldown/binding-freebsd-x64@1.0.0-beta.32':
    optional: true

  '@rolldown/binding-linux-arm-gnueabihf@1.0.0-beta.32':
    optional: true

  '@rolldown/binding-linux-arm64-gnu@1.0.0-beta.32':
    optional: true

  '@rolldown/binding-linux-arm64-musl@1.0.0-beta.32':
    optional: true

  '@rolldown/binding-linux-x64-gnu@1.0.0-beta.32':
    optional: true

  '@rolldown/binding-linux-x64-musl@1.0.0-beta.32':
    optional: true

  '@rolldown/binding-openharmony-arm64@1.0.0-beta.32':
    optional: true

  '@rolldown/binding-wasm32-wasi@1.0.0-beta.32':
    dependencies:
      '@napi-rs/wasm-runtime': 1.0.3
    optional: true

  '@rolldown/binding-win32-arm64-msvc@1.0.0-beta.32':
    optional: true

  '@rolldown/binding-win32-ia32-msvc@1.0.0-beta.32':
    optional: true

  '@rolldown/binding-win32-x64-msvc@1.0.0-beta.32':
    optional: true

  '@rolldown/pluginutils@1.0.0-beta.32': {}

  '@tsconfig/node-ts@23.6.1': {}

  '@tsconfig/node24@24.0.1': {}

  '@tsconfig/strictest@2.0.5': {}

  '@tybys/wasm-util@0.10.0':
    dependencies:
      tslib: 2.8.1
    optional: true

  '@types/node@24.2.1':
    dependencies:
      undici-types: 7.10.0

  '@wry/caches@1.0.1':
    dependencies:
      tslib: 2.8.1

  ansis@4.1.0: {}

  flru@1.0.2: {}

  hashlru@2.3.0: {}

  inherits@2.0.4: {}

  lru-cache@11.1.0: {}

  lru.min@1.1.2: {}

  lru@3.1.0:
    dependencies:
      inherits: 2.0.4

  lru_map@0.4.1: {}

  markdown-table@3.0.4: {}

  mitata@1.0.34: {}

  mnemonist@0.40.3:
    dependencies:
      obliterator: 2.0.5

  nano-staged@0.8.0:
    dependencies:
      picocolors: 1.1.1

  nanolru@1.0.0: {}

  obliterator@2.0.5: {}

  p-limit@6.2.0:
    dependencies:
      yocto-queue: 1.2.1

  picocolors@1.1.1: {}

  prettier@3.6.2: {}

  quick-lru@7.0.1: {}

  rolldown@1.0.0-beta.32:
    dependencies:
      '@oxc-project/runtime': 0.81.0
      '@oxc-project/types': 0.81.0
      '@rolldown/pluginutils': 1.0.0-beta.32
      ansis: 4.1.0
    optionalDependencies:
      '@rolldown/binding-android-arm64': 1.0.0-beta.32
      '@rolldown/binding-darwin-arm64': 1.0.0-beta.32
      '@rolldown/binding-darwin-x64': 1.0.0-beta.32
      '@rolldown/binding-freebsd-x64': 1.0.0-beta.32
      '@rolldown/binding-linux-arm-gnueabihf': 1.0.0-beta.32
      '@rolldown/binding-linux-arm64-gnu': 1.0.0-beta.32
      '@rolldown/binding-linux-arm64-musl': 1.0.0-beta.32
      '@rolldown/binding-linux-x64-gnu': 1.0.0-beta.32
      '@rolldown/binding-linux-x64-musl': 1.0.0-beta.32
      '@rolldown/binding-openharmony-arm64': 1.0.0-beta.32
      '@rolldown/binding-wasm32-wasi': 1.0.0-beta.32
      '@rolldown/binding-win32-arm64-msvc': 1.0.0-beta.32
      '@rolldown/binding-win32-ia32-msvc': 1.0.0-beta.32
      '@rolldown/binding-win32-x64-msvc': 1.0.0-beta.32

  simple-git-hooks@2.13.1: {}

  tiny-lru@11.4.3: {}

  tslib@2.8.1: {}

  typescript@5.9.2: {}

  undici-types@7.10.0: {}

  weak-lru-cache@1.2.2: {}

  ylru@2.0.0: {}

  yocto-queue@1.2.1: {}
